
Microsoft Visual Studio Solution File, Format Version 12.00
# Visual Studio Version 17
VisualStudioVersion = 17.9.34728.123
MinimumVisualStudioVersion = 10.0.40219.1
Project("{FAE04EC0-301F-11D3-BF4B-00C04F79EFBC}") = "Class-Tasks", "Class-Tasks.csproj", "{7C94C0D6-9F65-4579-A6BB-7207931B8072}"
EndProject
Global
	GlobalSection(SolutionConfigurationPlatforms) = preSolution
		Debug|Any CPU = Debug|Any CPU
		Release|Any CPU = Release|Any CPU
	EndGlobalSection
	GlobalSection(ProjectConfigurationPlatforms) = postSolution
		{7C94C0D6-9F65-4579-A6BB-7207931B8072}.Debug|Any CPU.ActiveCfg = Debug|Any CPU
		{7C94C0D6-9F65-4579-A6BB-7207931B8072}.Debug|Any CPU.Build.0 = Debug|Any CPU
		{7C94C0D6-9F65-4579-A6BB-7207931B8072}.Release|Any CPU.ActiveCfg = Release|Any CPU
		{7C94C0D6-9F65-4579-A6BB-7207931B8072}.Release|Any CPU.Build.0 = Release|Any CPU
	EndGlobalSection
	GlobalSection(SolutionProperties) = preSolution
		HideSolutionNode = FALSE
	EndGlobalSection
	GlobalSection(ExtensibilityGlobals) = postSolution
		SolutionGuid = {04756DAB-B494-4BC6-8E1B-3136032D2C17}
	EndGlobalSection
EndGlobal
